
Microsoft Visual Studio Solution File, Format Version 12.00
# Visual Studio Version 17
VisualStudioVersion = 17.8.34601.278
MinimumVisualStudioVersion = 10.0.40219.1
Project("{9A19103F-16F7-4668-BE54-9A1E7A4F7556}") = "BackEnd", "BackEnd\BackEnd.csproj", "{5FBA2220-FD9C-4E55-A061-5490E16BCA61}"
EndProject
Global
	GlobalSection(SolutionConfigurationPlatforms) = preSolution
		Debug|Any CPU = Debug|Any CPU
		Release|Any CPU = Release|Any CPU
	EndGlobalSection
	GlobalSection(ProjectConfigurationPlatforms) = postSolution
		{5FBA2220-FD9C-4E55-A061-5490E16BCA61}.Debug|Any CPU.ActiveCfg = Debug|Any CPU
		{5FBA2220-FD9C-4E55-A061-5490E16BCA61}.Debug|Any CPU.Build.0 = Debug|Any CPU
		{5FBA2220-FD9C-4E55-A061-5490E16BCA61}.Release|Any CPU.ActiveCfg = Release|Any CPU
		{5FBA2220-FD9C-4E55-A061-5490E16BCA61}.Release|Any CPU.Build.0 = Release|Any CPU
	EndGlobalSection
	GlobalSection(SolutionProperties) = preSolution
		HideSolutionNode = FALSE
	EndGlobalSection
	GlobalSection(ExtensibilityGlobals) = postSolution
		SolutionGuid = {C4D29589-3CCF-4CCC-AF2E-6D077521F491}
	EndGlobalSection
EndGlobal
